
Microsoft Visual Studio Solution File, Format Version 12.00
# Visual Studio Version 17
VisualStudioVersion = 17.0.31912.275
MinimumVisualStudioVersion = 10.0.40219.1
Project("{9A19103F-16F7-4668-BE54-9A1E7A4F7556}") = "qs-linux", "qs-linux.csproj", "{1B303256-0D0B-4A53-B567-C184FBE66DAD}"
EndProject
Project("{9A19103F-16F7-4668-BE54-9A1E7A4F7556}") = "common", "common\common.csproj", "{A67198E4-0672-400E-A694-B383DA6E4C1E}"
EndProject
Global
	GlobalSection(SolutionConfigurationPlatforms) = preSolution
		Debug|Any CPU = Debug|Any CPU
		Debug|x64 = Debug|x64
		Release|Any CPU = Release|Any CPU
		Release|x64 = Release|x64
	EndGlobalSection
	GlobalSection(ProjectConfigurationPlatforms) = postSolution
		{1B303256-0D0B-4A53-B567-C184FBE66DAD}.Debug|Any CPU.ActiveCfg = Debug|x64
		{1B303256-0D0B-4A53-B567-C184FBE66DAD}.Debug|Any CPU.Build.0 = Debug|x64
		{1B303256-0D0B-4A53-B567-C184FBE66DAD}.Debug|x64.ActiveCfg = Debug|x64
		{1B303256-0D0B-4A53-B567-C184FBE66DAD}.Debug|x64.Build.0 = Debug|x64
		{1B303256-0D0B-4A53-B567-C184FBE66DAD}.Release|Any CPU.ActiveCfg = Release|x64
		{1B303256-0D0B-4A53-B567-C184FBE66DAD}.Release|Any CPU.Build.0 = Release|x64
		{1B303256-0D0B-4A53-B567-C184FBE66DAD}.Release|x64.ActiveCfg = Release|x64
		{1B303256-0D0B-4A53-B567-C184FBE66DAD}.Release|x64.Build.0 = Release|x64
		{A67198E4-0672-400E-A694-B383DA6E4C1E}.Debug|Any CPU.ActiveCfg = Debug|x64
		{A67198E4-0672-400E-A694-B383DA6E4C1E}.Debug|Any CPU.Build.0 = Debug|x64
		{A67198E4-0672-400E-A694-B383DA6E4C1E}.Debug|x64.ActiveCfg = Debug|x64
		{A67198E4-0672-400E-A694-B383DA6E4C1E}.Debug|x64.Build.0 = Debug|x64
		{A67198E4-0672-400E-A694-B383DA6E4C1E}.Release|Any CPU.ActiveCfg = Release|x64
		{A67198E4-0672-400E-A694-B383DA6E4C1E}.Release|Any CPU.Build.0 = Release|x64
		{A67198E4-0672-400E-A694-B383DA6E4C1E}.Release|x64.ActiveCfg = Release|x64
		{A67198E4-0672-400E-A694-B383DA6E4C1E}.Release|x64.Build.0 = Release|x64
	EndGlobalSection
	GlobalSection(SolutionProperties) = preSolution
		HideSolutionNode = FALSE
	EndGlobalSection
	GlobalSection(ExtensibilityGlobals) = postSolution
		SolutionGuid = {269E1681-8493-4B76-95C3-D7D7FD5D6975}
	EndGlobalSection
EndGlobal
